
Microsoft Visual Studio Solution File, Format Version 12.00
# Visual Studio 15
VisualStudioVersion = 15.0.26430.15
MinimumVisualStudioVersion = 10.0.40219.1
Project("{FAE04EC0-301F-11D3-BF4B-00C04F79EFBC}") = "BusTicketBookingSystem", "BusTicketBookingSystem\BusTicketBookingSystem.csproj", "{6E2D50BA-3628-4B32-BBC5-B4A5CCA375E1}"
EndProject
Project("{FAE04EC0-301F-11D3-BF4B-00C04F79EFBC}") = "BusTicketBookingSystem.Tests", "BusTicketBookingSystem.Tests\BusTicketBookingSystem.Tests.csproj", "{8F4355E6-61FF-4DC8-80DC-21F5A4475A64}"
EndProject
Global
	GlobalSection(SolutionConfigurationPlatforms) = preSolution
		Debug|Any CPU = Debug|Any CPU
		Release|Any CPU = Release|Any CPU
	EndGlobalSection
	GlobalSection(ProjectConfigurationPlatforms) = postSolution
		{6E2D50BA-3628-4B32-BBC5-B4A5CCA375E1}.Debug|Any CPU.ActiveCfg = Debug|Any CPU
		{6E2D50BA-3628-4B32-BBC5-B4A5CCA375E1}.Debug|Any CPU.Build.0 = Debug|Any CPU
		{6E2D50BA-3628-4B32-BBC5-B4A5CCA375E1}.Release|Any CPU.ActiveCfg = Release|Any CPU
		{6E2D50BA-3628-4B32-BBC5-B4A5CCA375E1}.Release|Any CPU.Build.0 = Release|Any CPU
		{8F4355E6-61FF-4DC8-80DC-21F5A4475A64}.Debug|Any CPU.ActiveCfg = Debug|Any CPU
		{8F4355E6-61FF-4DC8-80DC-21F5A4475A64}.Debug|Any CPU.Build.0 = Debug|Any CPU
		{8F4355E6-61FF-4DC8-80DC-21F5A4475A64}.Release|Any CPU.ActiveCfg = Release|Any CPU
		{8F4355E6-61FF-4DC8-80DC-21F5A4475A64}.Release|Any CPU.Build.0 = Release|Any CPU
	EndGlobalSection
	GlobalSection(SolutionProperties) = preSolution
		HideSolutionNode = FALSE
	EndGlobalSection
EndGlobal
